// !$*UTF8*$!
{
	archiveVersion = 1;
	classes = {
	};
	objectVersion = 56;
	objects = {

/* Begin PBXBuildFile section */
		3D21558429E9CF87008EDED4 /* AuthViewController.swift in Sources */ = {isa = PBXBuildFile; fileRef = 3D21558329E9CF87008EDED4 /* AuthViewController.swift */; };
		3D4BDBA72A02E76E00B87AAD /* Kingfisher in Frameworks */ = {isa = PBXBuildFile; productRef = 3D4BDBA62A02E76E00B87AAD /* Kingfisher */; };
		3D4BDBA92A03ADBB00B87AAD /* KeychainManager.swift in Sources */ = {isa = PBXBuildFile; fileRef = 3D4BDBA82A03ADBB00B87AAD /* KeychainManager.swift */; };
		3D4FC68629C74B14008E3812 /* AppDelegate.swift in Sources */ = {isa = PBXBuildFile; fileRef = 3D4FC68529C74B14008E3812 /* AppDelegate.swift */; };
		3D4FC68829C74B14008E3812 /* SceneDelegate.swift in Sources */ = {isa = PBXBuildFile; fileRef = 3D4FC68729C74B14008E3812 /* SceneDelegate.swift */; };
		3D4FC68A29C74B14008E3812 /* ImagesListViewController.swift in Sources */ = {isa = PBXBuildFile; fileRef = 3D4FC68929C74B14008E3812 /* ImagesListViewController.swift */; };
		3D4FC68D29C74B14008E3812 /* Main.storyboard in Resources */ = {isa = PBXBuildFile; fileRef = 3D4FC68B29C74B14008E3812 /* Main.storyboard */; };
		3D4FC68F29C74B15008E3812 /* Assets.xcassets in Resources */ = {isa = PBXBuildFile; fileRef = 3D4FC68E29C74B15008E3812 /* Assets.xcassets */; };
		3D4FC69229C74B15008E3812 /* LaunchScreen.storyboard in Resources */ = {isa = PBXBuildFile; fileRef = 3D4FC69029C74B15008E3812 /* LaunchScreen.storyboard */; };
		3D4FC69A29C755DF008E3812 /* UIColor+Extensions.swift in Sources */ = {isa = PBXBuildFile; fileRef = 3D4FC69929C755DF008E3812 /* UIColor+Extensions.swift */; };
		3D59239A29D8C5650041D384 /* SingleImageViewController.swift in Sources */ = {isa = PBXBuildFile; fileRef = 3D59239929D8C5650041D384 /* SingleImageViewController.swift */; };
		3D5A36F82A104ECC00606578 /* LikePhotoResult.swift in Sources */ = {isa = PBXBuildFile; fileRef = 3D5A36F72A104ECC00606578 /* LikePhotoResult.swift */; };
		3D5ED19029D6CA0A00266E23 /* ProfileViewController.swift in Sources */ = {isa = PBXBuildFile; fileRef = 3D5ED18F29D6CA0A00266E23 /* ProfileViewController.swift */; };
		3D6C1CDD29CCB73B00A7C327 /* Constants.swift in Sources */ = {isa = PBXBuildFile; fileRef = 3D6C1CDC29CCB73B00A7C327 /* Constants.swift */; };
		3D6F87F329FC3805009929C9 /* UIBlockingProgressHUD.swift in Sources */ = {isa = PBXBuildFile; fileRef = 3D6F87F229FC3805009929C9 /* UIBlockingProgressHUD.swift */; };
		3D6F87F529FC619C009929C9 /* ProfileService.swift in Sources */ = {isa = PBXBuildFile; fileRef = 3D6F87F429FC619C009929C9 /* ProfileService.swift */; };
		3D873DF929FA9AFB00D3787A /* ProgressHUD in Frameworks */ = {isa = PBXBuildFile; productRef = 3D873DF829FA9AFB00D3787A /* ProgressHUD */; };
		3DA13EC829CA392300C89DE5 /* ImagesListCell.swift in Sources */ = {isa = PBXBuildFile; fileRef = 3DA13EC729CA392300C89DE5 /* ImagesListCell.swift */; };
		3DAE7D362A0ED614007AFEDF /* ImageListService.swift in Sources */ = {isa = PBXBuildFile; fileRef = 3DAE7D352A0ED614007AFEDF /* ImageListService.swift */; };
		3DAE7D382A0ED6DC007AFEDF /* Photo.swift in Sources */ = {isa = PBXBuildFile; fileRef = 3DAE7D372A0ED6DC007AFEDF /* Photo.swift */; };
		3DAE7D3A2A0ED852007AFEDF /* PhotoResult.swift in Sources */ = {isa = PBXBuildFile; fileRef = 3DAE7D392A0ED852007AFEDF /* PhotoResult.swift */; };
		3DAE7D3C2A0EE208007AFEDF /* String+Extension.swift in Sources */ = {isa = PBXBuildFile; fileRef = 3DAE7D3B2A0EE208007AFEDF /* String+Extension.swift */; };
		3DB2BD6D29FE680100D7FF24 /* ProfileImageService.swift in Sources */ = {isa = PBXBuildFile; fileRef = 3DB2BD6C29FE680100D7FF24 /* ProfileImageService.swift */; };
		3DB2BD6F29FE684400D7FF24 /* UserResult.swift in Sources */ = {isa = PBXBuildFile; fileRef = 3DB2BD6E29FE684400D7FF24 /* UserResult.swift */; };
		3DB599ED29F6EA7F008E2174 /* SplashScreenViewController.swift in Sources */ = {isa = PBXBuildFile; fileRef = 3DB599EC29F6EA7F008E2174 /* SplashScreenViewController.swift */; };
		3DC9DDA329F316D100534D23 /* WebViewViewController.swift in Sources */ = {isa = PBXBuildFile; fileRef = 3DC9DDA229F316D100534D23 /* WebViewViewController.swift */; };
		3DC9DDA529F4285D00534D23 /* OauthTokenResponseBody.swift in Sources */ = {isa = PBXBuildFile; fileRef = 3DC9DDA429F4285D00534D23 /* OauthTokenResponseBody.swift */; };
		3DC9DDA729F4294800534D23 /* Oauth2Service.swift in Sources */ = {isa = PBXBuildFile; fileRef = 3DC9DDA629F4294800534D23 /* Oauth2Service.swift */; };
		3DC9DDA929F42E2800534D23 /* URLSession+Extension.swift in Sources */ = {isa = PBXBuildFile; fileRef = 3DC9DDA829F42E2800534D23 /* URLSession+Extension.swift */; };
		3DD2A30B2A06DBB500A9C7E5 /* TabBarController.swift in Sources */ = {isa = PBXBuildFile; fileRef = 3DD2A30A2A06DBB500A9C7E5 /* TabBarController.swift */; };
		3DF5196529FD2F1500A95E9A /* ProfileResult.swift in Sources */ = {isa = PBXBuildFile; fileRef = 3DF5196429FD2F1500A95E9A /* ProfileResult.swift */; };
		3DF5196729FD2F1B00A95E9A /* Profile.swift in Sources */ = {isa = PBXBuildFile; fileRef = 3DF5196629FD2F1B00A95E9A /* Profile.swift */; };
/* End PBXBuildFile section */

/* Begin PBXFileReference section */
		3D21558329E9CF87008EDED4 /* AuthViewController.swift */ = {isa = PBXFileReference; lastKnownFileType = sourcecode.swift; path = AuthViewController.swift; sourceTree = "<group>"; };
		3D4BDBA82A03ADBB00B87AAD /* KeychainManager.swift */ = {isa = PBXFileReference; lastKnownFileType = sourcecode.swift; path = KeychainManager.swift; sourceTree = "<group>"; };
		3D4FC68229C74B14008E3812 /* ImagesFeed.app */ = {isa = PBXFileReference; explicitFileType = wrapper.application; includeInIndex = 0; path = ImagesFeed.app; sourceTree = BUILT_PRODUCTS_DIR; };
		3D4FC68529C74B14008E3812 /* AppDelegate.swift */ = {isa = PBXFileReference; lastKnownFileType = sourcecode.swift; path = AppDelegate.swift; sourceTree = "<group>"; };
		3D4FC68729C74B14008E3812 /* SceneDelegate.swift */ = {isa = PBXFileReference; lastKnownFileType = sourcecode.swift; path = SceneDelegate.swift; sourceTree = "<group>"; };
		3D4FC68929C74B14008E3812 /* ImagesListViewController.swift */ = {isa = PBXFileReference; lastKnownFileType = sourcecode.swift; path = ImagesListViewController.swift; sourceTree = "<group>"; };
		3D4FC68C29C74B14008E3812 /* Base */ = {isa = PBXFileReference; lastKnownFileType = file.storyboard; name = Base; path = Base.lproj/Main.storyboard; sourceTree = "<group>"; };
		3D4FC68E29C74B15008E3812 /* Assets.xcassets */ = {isa = PBXFileReference; lastKnownFileType = folder.assetcatalog; path = Assets.xcassets; sourceTree = "<group>"; };
		3D4FC69129C74B15008E3812 /* Base */ = {isa = PBXFileReference; lastKnownFileType = file.storyboard; name = Base; path = Base.lproj/LaunchScreen.storyboard; sourceTree = "<group>"; };
		3D4FC69329C74B15008E3812 /* Info.plist */ = {isa = PBXFileReference; lastKnownFileType = text.plist.xml; path = Info.plist; sourceTree = "<group>"; };
		3D4FC69929C755DF008E3812 /* UIColor+Extensions.swift */ = {isa = PBXFileReference; lastKnownFileType = sourcecode.swift; path = "UIColor+Extensions.swift"; sourceTree = "<group>"; };
		3D59239929D8C5650041D384 /* SingleImageViewController.swift */ = {isa = PBXFileReference; lastKnownFileType = sourcecode.swift; path = SingleImageViewController.swift; sourceTree = "<group>"; };
		3D5A36F72A104ECC00606578 /* LikePhotoResult.swift */ = {isa = PBXFileReference; lastKnownFileType = sourcecode.swift; path = LikePhotoResult.swift; sourceTree = "<group>"; };
		3D5ED18F29D6CA0A00266E23 /* ProfileViewController.swift */ = {isa = PBXFileReference; lastKnownFileType = sourcecode.swift; path = ProfileViewController.swift; sourceTree = "<group>"; };
		3D6C1CDC29CCB73B00A7C327 /* Constants.swift */ = {isa = PBXFileReference; lastKnownFileType = sourcecode.swift; path = Constants.swift; sourceTree = "<group>"; };
		3D6F87F229FC3805009929C9 /* UIBlockingProgressHUD.swift */ = {isa = PBXFileReference; lastKnownFileType = sourcecode.swift; path = UIBlockingProgressHUD.swift; sourceTree = "<group>"; };
		3D6F87F429FC619C009929C9 /* ProfileService.swift */ = {isa = PBXFileReference; lastKnownFileType = sourcecode.swift; path = ProfileService.swift; sourceTree = "<group>"; };
		3DA13EC729CA392300C89DE5 /* ImagesListCell.swift */ = {isa = PBXFileReference; lastKnownFileType = sourcecode.swift; path = ImagesListCell.swift; sourceTree = "<group>"; };
		3DAE7D352A0ED614007AFEDF /* ImageListService.swift */ = {isa = PBXFileReference; lastKnownFileType = sourcecode.swift; path = ImageListService.swift; sourceTree = "<group>"; };
		3DAE7D372A0ED6DC007AFEDF /* Photo.swift */ = {isa = PBXFileReference; lastKnownFileType = sourcecode.swift; path = Photo.swift; sourceTree = "<group>"; };
		3DAE7D392A0ED852007AFEDF /* PhotoResult.swift */ = {isa = PBXFileReference; lastKnownFileType = sourcecode.swift; path = PhotoResult.swift; sourceTree = "<group>"; };
		3DAE7D3B2A0EE208007AFEDF /* String+Extension.swift */ = {isa = PBXFileReference; lastKnownFileType = sourcecode.swift; path = "String+Extension.swift"; sourceTree = "<group>"; };
		3DB2BD6C29FE680100D7FF24 /* ProfileImageService.swift */ = {isa = PBXFileReference; lastKnownFileType = sourcecode.swift; path = ProfileImageService.swift; sourceTree = "<group>"; };
		3DB2BD6E29FE684400D7FF24 /* UserResult.swift */ = {isa = PBXFileReference; lastKnownFileType = sourcecode.swift; path = UserResult.swift; sourceTree = "<group>"; };
		3DB599EC29F6EA7F008E2174 /* SplashScreenViewController.swift */ = {isa = PBXFileReference; lastKnownFileType = sourcecode.swift; path = SplashScreenViewController.swift; sourceTree = "<group>"; };
		3DC9DDA229F316D100534D23 /* WebViewViewController.swift */ = {isa = PBXFileReference; lastKnownFileType = sourcecode.swift; path = WebViewViewController.swift; sourceTree = "<group>"; };
		3DC9DDA429F4285D00534D23 /* OauthTokenResponseBody.swift */ = {isa = PBXFileReference; lastKnownFileType = sourcecode.swift; path = OauthTokenResponseBody.swift; sourceTree = "<group>"; };
		3DC9DDA629F4294800534D23 /* Oauth2Service.swift */ = {isa = PBXFileReference; lastKnownFileType = sourcecode.swift; path = Oauth2Service.swift; sourceTree = "<group>"; };
		3DC9DDA829F42E2800534D23 /* URLSession+Extension.swift */ = {isa = PBXFileReference; lastKnownFileType = sourcecode.swift; path = "URLSession+Extension.swift"; sourceTree = "<group>"; };
		3DD2A30A2A06DBB500A9C7E5 /* TabBarController.swift */ = {isa = PBXFileReference; lastKnownFileType = sourcecode.swift; path = TabBarController.swift; sourceTree = "<group>"; };
		3DF5196429FD2F1500A95E9A /* ProfileResult.swift */ = {isa = PBXFileReference; lastKnownFileType = sourcecode.swift; path = ProfileResult.swift; sourceTree = "<group>"; };
		3DF5196629FD2F1B00A95E9A /* Profile.swift */ = {isa = PBXFileReference; lastKnownFileType = sourcecode.swift; path = Profile.swift; sourceTree = "<group>"; };
/* End PBXFileReference section */

/* Begin PBXFrameworksBuildPhase section */
		3D4FC67F29C74B14008E3812 /* Frameworks */ = {
			isa = PBXFrameworksBuildPhase;
			buildActionMask = 2147483647;
			files = (
				3D4BDBA72A02E76E00B87AAD /* Kingfisher in Frameworks */,
				3D873DF929FA9AFB00D3787A /* ProgressHUD in Frameworks */,
			);
			runOnlyForDeploymentPostprocessing = 0;
		};
/* End PBXFrameworksBuildPhase section */

/* Begin PBXGroup section */
		3D4FC67929C74B14008E3812 = {
			isa = PBXGroup;
			children = (
				3D4FC68429C74B14008E3812 /* ImagesFeed */,
				3D4FC68329C74B14008E3812 /* Products */,
			);
			sourceTree = "<group>";
		};
		3D4FC68329C74B14008E3812 /* Products */ = {
			isa = PBXGroup;
			children = (
				3D4FC68229C74B14008E3812 /* ImagesFeed.app */,
			);
			name = Products;
			sourceTree = "<group>";
		};
		3D4FC68429C74B14008E3812 /* ImagesFeed */ = {
			isa = PBXGroup;
			children = (
				3D4FC68529C74B14008E3812 /* AppDelegate.swift */,
				3D4FC68729C74B14008E3812 /* SceneDelegate.swift */,
				3DD2A30C2A06E6F600A9C7E5 /* TabBarController */,
				3DB599EE29F72E83008E2174 /* SplashScreen */,
				3DC9DDA129F3161200534D23 /* Auth */,
				3DA13EC929CA393C00C89DE5 /* ImagesList */,
				3D7280DA29D7726800D59B48 /* SingleImage */,
				3D5ED18E29D6C9BB00266E23 /* Profile */,
				3DA13ECA29CA395900C89DE5 /* Helpers */,
				3D4FC68B29C74B14008E3812 /* Main.storyboard */,
				3D4FC69029C74B15008E3812 /* LaunchScreen.storyboard */,
				3D4FC68E29C74B15008E3812 /* Assets.xcassets */,
				3D4FC69329C74B15008E3812 /* Info.plist */,
			);
			path = ImagesFeed;
			sourceTree = "<group>";
		};
		3D5E785C2A0014520084534A /* ProfileImageService */ = {
			isa = PBXGroup;
			children = (
				3DB2BD6C29FE680100D7FF24 /* ProfileImageService.swift */,
				3DB2BD6E29FE684400D7FF24 /* UserResult.swift */,
			);
			path = ProfileImageService;
			sourceTree = "<group>";
		};
		3D5ED18E29D6C9BB00266E23 /* Profile */ = {
			isa = PBXGroup;
			children = (
				3D5ED18F29D6CA0A00266E23 /* ProfileViewController.swift */,
			);
			path = Profile;
			sourceTree = "<group>";
		};
		3D7280DA29D7726800D59B48 /* SingleImage */ = {
			isa = PBXGroup;
			children = (
				3D59239929D8C5650041D384 /* SingleImageViewController.swift */,
			);
			path = SingleImage;
			sourceTree = "<group>";
		};
		3DA13EC929CA393C00C89DE5 /* ImagesList */ = {
			isa = PBXGroup;
			children = (
				3D4FC68929C74B14008E3812 /* ImagesListViewController.swift */,
				3DA13EC729CA392300C89DE5 /* ImagesListCell.swift */,
			);
			path = ImagesList;
			sourceTree = "<group>";
		};
		3DA13ECA29CA395900C89DE5 /* Helpers */ = {
			isa = PBXGroup;
			children = (
				3D4FC69929C755DF008E3812 /* UIColor+Extensions.swift */,
				3D6C1CDC29CCB73B00A7C327 /* Constants.swift */,
				3DC9DDA829F42E2800534D23 /* URLSession+Extension.swift */,
				3D6F87F229FC3805009929C9 /* UIBlockingProgressHUD.swift */,
				3D4BDBA82A03ADBB00B87AAD /* KeychainManager.swift */,
				3DAE7D3B2A0EE208007AFEDF /* String+Extension.swift */,
				3DAE7D342A0ED5E8007AFEDF /* ImageListService */,
				3DF5196329FD2EF000A95E9A /* ProfileService */,
				3D5E785C2A0014520084534A /* ProfileImageService */,
			);
			path = Helpers;
			sourceTree = "<group>";
		};
		3DAE7D342A0ED5E8007AFEDF /* ImageListService */ = {
			isa = PBXGroup;
			children = (
				3DAE7D352A0ED614007AFEDF /* ImageListService.swift */,
				3DAE7D372A0ED6DC007AFEDF /* Photo.swift */,
				3DAE7D392A0ED852007AFEDF /* PhotoResult.swift */,
				3D5A36F72A104ECC00606578 /* LikePhotoResult.swift */,
			);
			path = ImageListService;
			sourceTree = "<group>";
		};
		3DB599EE29F72E83008E2174 /* SplashScreen */ = {
			isa = PBXGroup;
			children = (
				3DB599EC29F6EA7F008E2174 /* SplashScreenViewController.swift */,
			);
			path = SplashScreen;
			sourceTree = "<group>";
		};
		3DB599EF29F72E9E008E2174 /* OauthService */ = {
			isa = PBXGroup;
			children = (
				3DC9DDA629F4294800534D23 /* Oauth2Service.swift */,
				3DC9DDA429F4285D00534D23 /* OauthTokenResponseBody.swift */,
			);
			path = OauthService;
			sourceTree = "<group>";
		};
		3DC9DDA129F3161200534D23 /* Auth */ = {
			isa = PBXGroup;
			children = (
				3D21558329E9CF87008EDED4 /* AuthViewController.swift */,
				3DC9DDA229F316D100534D23 /* WebViewViewController.swift */,
				3DB599EF29F72E9E008E2174 /* OauthService */,
			);
			path = Auth;
			sourceTree = "<group>";
		};
		3DD2A30C2A06E6F600A9C7E5 /* TabBarController */ = {
			isa = PBXGroup;
			children = (
				3DD2A30A2A06DBB500A9C7E5 /* TabBarController.swift */,
			);
			path = TabBarController;
			sourceTree = "<group>";
		};
		3DF5196329FD2EF000A95E9A /* ProfileService */ = {
			isa = PBXGroup;
			children = (
				3D6F87F429FC619C009929C9 /* ProfileService.swift */,
				3DF5196429FD2F1500A95E9A /* ProfileResult.swift */,
				3DF5196629FD2F1B00A95E9A /* Profile.swift */,
			);
			path = ProfileService;
			sourceTree = "<group>";
		};
/* End PBXGroup section */

/* Begin PBXNativeTarget section */
		3D4FC68129C74B14008E3812 /* ImagesFeed */ = {
			isa = PBXNativeTarget;
			buildConfigurationList = 3D4FC69629C74B15008E3812 /* Build configuration list for PBXNativeTarget "ImagesFeed" */;
			buildPhases = (
				3D4FC67E29C74B14008E3812 /* Sources */,
				3D4FC67F29C74B14008E3812 /* Frameworks */,
				3D4FC68029C74B14008E3812 /* Resources */,
			);
			buildRules = (
			);
			dependencies = (
			);
			name = ImagesFeed;
			packageProductDependencies = (
				3D873DF829FA9AFB00D3787A /* ProgressHUD */,
				3D4BDBA62A02E76E00B87AAD /* Kingfisher */,
			);
			productName = ImagesFeed;
			productReference = 3D4FC68229C74B14008E3812 /* ImagesFeed.app */;
			productType = "com.apple.product-type.application";
		};
/* End PBXNativeTarget section */

/* Begin PBXProject section */
		3D4FC67A29C74B14008E3812 /* Project object */ = {
			isa = PBXProject;
			attributes = {
				BuildIndependentTargetsInParallel = 1;
				LastSwiftUpdateCheck = 1420;
				LastUpgradeCheck = 1420;
				TargetAttributes = {
					3D4FC68129C74B14008E3812 = {
						CreatedOnToolsVersion = 14.2;
					};
				};
			};
			buildConfigurationList = 3D4FC67D29C74B14008E3812 /* Build configuration list for PBXProject "ImagesFeed" */;
			compatibilityVersion = "Xcode 14.0";
			developmentRegion = en;
			hasScannedForEncodings = 0;
			knownRegions = (
				en,
				Base,
			);
			mainGroup = 3D4FC67929C74B14008E3812;
			packageReferences = (
				3D873DF729FA9AFA00D3787A /* XCRemoteSwiftPackageReference "ProgressHUD" */,
				3D4BDBA52A02E76E00B87AAD /* XCRemoteSwiftPackageReference "Kingfisher" */,
			);
			productRefGroup = 3D4FC68329C74B14008E3812 /* Products */;
			projectDirPath = "";
			projectRoot = "";
			targets = (
				3D4FC68129C74B14008E3812 /* ImagesFeed */,
			);
		};
/* End PBXProject section */

/* Begin PBXResourcesBuildPhase section */
		3D4FC68029C74B14008E3812 /* Resources */ = {
			isa = PBXResourcesBuildPhase;
			buildActionMask = 2147483647;
			files = (
				3D4FC69229C74B15008E3812 /* LaunchScreen.storyboard in Resources */,
				3D4FC68F29C74B15008E3812 /* Assets.xcassets in Resources */,
				3D4FC68D29C74B14008E3812 /* Main.storyboard in Resources */,
			);
			runOnlyForDeploymentPostprocessing = 0;
		};
/* End PBXResourcesBuildPhase section */

/* Begin PBXSourcesBuildPhase section */
		3D4FC67E29C74B14008E3812 /* Sources */ = {
			isa = PBXSourcesBuildPhase;
			buildActionMask = 2147483647;
			files = (
				3DAE7D382A0ED6DC007AFEDF /* Photo.swift in Sources */,
				3D4FC68A29C74B14008E3812 /* ImagesListViewController.swift in Sources */,
				3DAE7D362A0ED614007AFEDF /* ImageListService.swift in Sources */,
				3DF5196729FD2F1B00A95E9A /* Profile.swift in Sources */,
				3DC9DDA329F316D100534D23 /* WebViewViewController.swift in Sources */,
				3DF5196529FD2F1500A95E9A /* ProfileResult.swift in Sources */,
				3DC9DDA929F42E2800534D23 /* URLSession+Extension.swift in Sources */,
				3DD2A30B2A06DBB500A9C7E5 /* TabBarController.swift in Sources */,
				3D4FC68629C74B14008E3812 /* AppDelegate.swift in Sources */,
				3D21558429E9CF87008EDED4 /* AuthViewController.swift in Sources */,
				3DA13EC829CA392300C89DE5 /* ImagesListCell.swift in Sources */,
				3DAE7D3A2A0ED852007AFEDF /* PhotoResult.swift in Sources */,
				3D4FC68829C74B14008E3812 /* SceneDelegate.swift in Sources */,
				3DC9DDA729F4294800534D23 /* Oauth2Service.swift in Sources */,
				3D5ED19029D6CA0A00266E23 /* ProfileViewController.swift in Sources */,
				3DAE7D3C2A0EE208007AFEDF /* String+Extension.swift in Sources */,
				3DB2BD6F29FE684400D7FF24 /* UserResult.swift in Sources */,
				3DB599ED29F6EA7F008E2174 /* SplashScreenViewController.swift in Sources */,
				3D6F87F529FC619C009929C9 /* ProfileService.swift in Sources */,
				3D4FC69A29C755DF008E3812 /* UIColor+Extensions.swift in Sources */,
				3DB2BD6D29FE680100D7FF24 /* ProfileImageService.swift in Sources */,
				3D4BDBA92A03ADBB00B87AAD /* KeychainManager.swift in Sources */,
				3D5A36F82A104ECC00606578 /* LikePhotoResult.swift in Sources */,
				3D59239A29D8C5650041D384 /* SingleImageViewController.swift in Sources */,
				3DC9DDA529F4285D00534D23 /* OauthTokenResponseBody.swift in Sources */,
				3D6C1CDD29CCB73B00A7C327 /* Constants.swift in Sources */,
				3D6F87F329FC3805009929C9 /* UIBlockingProgressHUD.swift in Sources */,
			);
			runOnlyForDeploymentPostprocessing = 0;
		};
/* End PBXSourcesBuildPhase section */

/* Begin PBXVariantGroup section */
		3D4FC68B29C74B14008E3812 /* Main.storyboard */ = {
			isa = PBXVariantGroup;
			children = (
				3D4FC68C29C74B14008E3812 /* Base */,
			);
			name = Main.storyboard;
			sourceTree = "<group>";
		};
		3D4FC69029C74B15008E3812 /* LaunchScreen.storyboard */ = {
			isa = PBXVariantGroup;
			children = (
				3D4FC69129C74B15008E3812 /* Base */,
			);
			name = LaunchScreen.storyboard;
			sourceTree = "<group>";
		};
/* End PBXVariantGroup section */

/* Begin XCBuildConfiguration section */
		3D4FC69429C74B15008E3812 /* Debug */ = {
			isa = XCBuildConfiguration;
			buildSettings = {
				ALWAYS_SEARCH_USER_PATHS = NO;
				CLANG_ANALYZER_NONNULL = YES;
				CLANG_ANALYZER_NUMBER_OBJECT_CONVERSION = YES_AGGRESSIVE;
				CLANG_CXX_LANGUAGE_STANDARD = "gnu++20";
				CLANG_ENABLE_MODULES = YES;
				CLANG_ENABLE_OBJC_ARC = YES;
				CLANG_ENABLE_OBJC_WEAK = YES;
				CLANG_WARN_BLOCK_CAPTURE_AUTORELEASING = YES;
				CLANG_WARN_BOOL_CONVERSION = YES;
				CLANG_WARN_COMMA = YES;
				CLANG_WARN_CONSTANT_CONVERSION = YES;
				CLANG_WARN_DEPRECATED_OBJC_IMPLEMENTATIONS = YES;
				CLANG_WARN_DIRECT_OBJC_ISA_USAGE = YES_ERROR;
				CLANG_WARN_DOCUMENTATION_COMMENTS = YES;
				CLANG_WARN_EMPTY_BODY = YES;
				CLANG_WARN_ENUM_CONVERSION = YES;
				CLANG_WARN_INFINITE_RECURSION = YES;
				CLANG_WARN_INT_CONVERSION = YES;
				CLANG_WARN_NON_LITERAL_NULL_CONVERSION = YES;
				CLANG_WARN_OBJC_IMPLICIT_RETAIN_SELF = YES;
				CLANG_WARN_OBJC_LITERAL_CONVERSION = YES;
				CLANG_WARN_OBJC_ROOT_CLASS = YES_ERROR;
				CLANG_WARN_QUOTED_INCLUDE_IN_FRAMEWORK_HEADER = YES;
				CLANG_WARN_RANGE_LOOP_ANALYSIS = YES;
				CLANG_WARN_STRICT_PROTOTYPES = YES;
				CLANG_WARN_SUSPICIOUS_MOVE = YES;
				CLANG_WARN_UNGUARDED_AVAILABILITY = YES_AGGRESSIVE;
				CLANG_WARN_UNREACHABLE_CODE = YES;
				CLANG_WARN__DUPLICATE_METHOD_MATCH = YES;
				COPY_PHASE_STRIP = NO;
				DEBUG_INFORMATION_FORMAT = dwarf;
				ENABLE_STRICT_OBJC_MSGSEND = YES;
				ENABLE_TESTABILITY = YES;
				GCC_C_LANGUAGE_STANDARD = gnu11;
				GCC_DYNAMIC_NO_PIC = NO;
				GCC_NO_COMMON_BLOCKS = YES;
				GCC_OPTIMIZATION_LEVEL = 0;
				GCC_PREPROCESSOR_DEFINITIONS = (
					"DEBUG=1",
					"$(inherited)",
				);
				GCC_WARN_64_TO_32_BIT_CONVERSION = YES;
				GCC_WARN_ABOUT_RETURN_TYPE = YES_ERROR;
				GCC_WARN_UNDECLARED_SELECTOR = YES;
				GCC_WARN_UNINITIALIZED_AUTOS = YES_AGGRESSIVE;
				GCC_WARN_UNUSED_FUNCTION = YES;
				GCC_WARN_UNUSED_VARIABLE = YES;
				IPHONEOS_DEPLOYMENT_TARGET = 16.2;
				MTL_ENABLE_DEBUG_INFO = INCLUDE_SOURCE;
				MTL_FAST_MATH = YES;
				ONLY_ACTIVE_ARCH = YES;
				SDKROOT = iphoneos;
				SWIFT_ACTIVE_COMPILATION_CONDITIONS = DEBUG;
				SWIFT_OPTIMIZATION_LEVEL = "-Onone";
			};
			name = Debug;
		};
		3D4FC69529C74B15008E3812 /* Release */ = {
			isa = XCBuildConfiguration;
			buildSettings = {
				ALWAYS_SEARCH_USER_PATHS = NO;
				CLANG_ANALYZER_NONNULL = YES;
				CLANG_ANALYZER_NUMBER_OBJECT_CONVERSION = YES_AGGRESSIVE;
				CLANG_CXX_LANGUAGE_STANDARD = "gnu++20";
				CLANG_ENABLE_MODULES = YES;
				CLANG_ENABLE_OBJC_ARC = YES;
				CLANG_ENABLE_OBJC_WEAK = YES;
				CLANG_WARN_BLOCK_CAPTURE_AUTORELEASING = YES;
				CLANG_WARN_BOOL_CONVERSION = YES;
				CLANG_WARN_COMMA = YES;
				CLANG_WARN_CONSTANT_CONVERSION = YES;
				CLANG_WARN_DEPRECATED_OBJC_IMPLEMENTATIONS = YES;
				CLANG_WARN_DIRECT_OBJC_ISA_USAGE = YES_ERROR;
				CLANG_WARN_DOCUMENTATION_COMMENTS = YES;
				CLANG_WARN_EMPTY_BODY = YES;
				CLANG_WARN_ENUM_CONVERSION = YES;
				CLANG_WARN_INFINITE_RECURSION = YES;
				CLANG_WARN_INT_CONVERSION = YES;
				CLANG_WARN_NON_LITERAL_NULL_CONVERSION = YES;
				CLANG_WARN_OBJC_IMPLICIT_RETAIN_SELF = YES;
				CLANG_WARN_OBJC_LITERAL_CONVERSION = YES;
				CLANG_WARN_OBJC_ROOT_CLASS = YES_ERROR;
				CLANG_WARN_QUOTED_INCLUDE_IN_FRAMEWORK_HEADER = YES;
				CLANG_WARN_RANGE_LOOP_ANALYSIS = YES;
				CLANG_WARN_STRICT_PROTOTYPES = YES;
				CLANG_WARN_SUSPICIOUS_MOVE = YES;
				CLANG_WARN_UNGUARDED_AVAILABILITY = YES_AGGRESSIVE;
				CLANG_WARN_UNREACHABLE_CODE = YES;
				CLANG_WARN__DUPLICATE_METHOD_MATCH = YES;
				COPY_PHASE_STRIP = NO;
				DEBUG_INFORMATION_FORMAT = "dwarf-with-dsym";
				ENABLE_NS_ASSERTIONS = NO;
				ENABLE_STRICT_OBJC_MSGSEND = YES;
				GCC_C_LANGUAGE_STANDARD = gnu11;
				GCC_NO_COMMON_BLOCKS = YES;
				GCC_WARN_64_TO_32_BIT_CONVERSION = YES;
				GCC_WARN_ABOUT_RETURN_TYPE = YES_ERROR;
				GCC_WARN_UNDECLARED_SELECTOR = YES;
				GCC_WARN_UNINITIALIZED_AUTOS = YES_AGGRESSIVE;
				GCC_WARN_UNUSED_FUNCTION = YES;
				GCC_WARN_UNUSED_VARIABLE = YES;
				IPHONEOS_DEPLOYMENT_TARGET = 16.2;
				MTL_ENABLE_DEBUG_INFO = NO;
				MTL_FAST_MATH = YES;
				SDKROOT = iphoneos;
				SWIFT_COMPILATION_MODE = wholemodule;
				SWIFT_OPTIMIZATION_LEVEL = "-O";
				VALIDATE_PRODUCT = YES;
			};
			name = Release;
		};
		3D4FC69729C74B15008E3812 /* Debug */ = {
			isa = XCBuildConfiguration;
			buildSettings = {
				ASSETCATALOG_COMPILER_APPICON_NAME = AppIcon;
				ASSETCATALOG_COMPILER_GLOBAL_ACCENT_COLOR_NAME = AccentColor;
				CODE_SIGN_STYLE = Automatic;
				CURRENT_PROJECT_VERSION = 1;
				DEVELOPMENT_TEAM = WEZ4D5M6R9;
				GENERATE_INFOPLIST_FILE = YES;
				INFOPLIST_FILE = ImagesFeed/Info.plist;
				INFOPLIST_KEY_UIApplicationSupportsIndirectInputEvents = YES;
				INFOPLIST_KEY_UILaunchStoryboardName = LaunchScreen;
				INFOPLIST_KEY_UIMainStoryboardFile = Main;
				INFOPLIST_KEY_UIStatusBarStyle = UIStatusBarStyleLightContent;
				INFOPLIST_KEY_UISupportedInterfaceOrientations = UIInterfaceOrientationPortrait;
				INFOPLIST_KEY_UISupportedInterfaceOrientations_iPad = "UIInterfaceOrientationLandscapeLeft UIInterfaceOrientationLandscapeRight UIInterfaceOrientationPortrait UIInterfaceOrientationPortraitUpsideDown";
				IPHONEOS_DEPLOYMENT_TARGET = 13.0;
				LD_RUNPATH_SEARCH_PATHS = (
					"$(inherited)",
					"@executable_path/Frameworks",
				);
				MARKETING_VERSION = 1.0;
				PRODUCT_BUNDLE_IDENTIFIER = com.vadimkuzmin.ImagesFeed;
				PRODUCT_NAME = "$(TARGET_NAME)";
				SUPPORTED_PLATFORMS = "iphoneos iphonesimulator";
				SUPPORTS_MACCATALYST = NO;
				SUPPORTS_MAC_DESIGNED_FOR_IPHONE_IPAD = NO;
				SWIFT_EMIT_LOC_STRINGS = YES;
				SWIFT_VERSION = 5.0;
				TARGETED_DEVICE_FAMILY = 1;
			};
			name = Debug;
		};
		3D4FC69829C74B15008E3812 /* Release */ = {
			isa = XCBuildConfiguration;
			buildSettings = {
				ASSETCATALOG_COMPILER_APPICON_NAME = AppIcon;
				ASSETCATALOG_COMPILER_GLOBAL_ACCENT_COLOR_NAME = AccentColor;
				CODE_SIGN_STYLE = Automatic;
				CURRENT_PROJECT_VERSION = 1;
				DEVELOPMENT_TEAM = WEZ4D5M6R9;
				GENERATE_INFOPLIST_FILE = YES;
				INFOPLIST_FILE = ImagesFeed/Info.plist;
				INFOPLIST_KEY_UIApplicationSupportsIndirectInputEvents = YES;
				INFOPLIST_KEY_UILaunchStoryboardName = LaunchScreen;
				INFOPLIST_KEY_UIMainStoryboardFile = Main;
				INFOPLIST_KEY_UIStatusBarStyle = UIStatusBarStyleLightContent;
				INFOPLIST_KEY_UISupportedInterfaceOrientations = UIInterfaceOrientationPortrait;
				INFOPLIST_KEY_UISupportedInterfaceOrientations_iPad = "UIInterfaceOrientationLandscapeLeft UIInterfaceOrientationLandscapeRight UIInterfaceOrientationPortrait UIInterfaceOrientationPortraitUpsideDown";
				IPHONEOS_DEPLOYMENT_TARGET = 13.0;
				LD_RUNPATH_SEARCH_PATHS = (
					"$(inherited)",
					"@executable_path/Frameworks",
				);
				MARKETING_VERSION = 1.0;
				PRODUCT_BUNDLE_IDENTIFIER = com.vadimkuzmin.ImagesFeed;
				PRODUCT_NAME = "$(TARGET_NAME)";
				SUPPORTED_PLATFORMS = "iphoneos iphonesimulator";
				SUPPORTS_MACCATALYST = NO;
				SUPPORTS_MAC_DESIGNED_FOR_IPHONE_IPAD = NO;
				SWIFT_EMIT_LOC_STRINGS = YES;
				SWIFT_VERSION = 5.0;
				TARGETED_DEVICE_FAMILY = 1;
			};
			name = Release;
		};
/* End XCBuildConfiguration section */

/* Begin XCConfigurationList section */
		3D4FC67D29C74B14008E3812 /* Build configuration list for PBXProject "ImagesFeed" */ = {
			isa = XCConfigurationList;
			buildConfigurations = (
				3D4FC69429C74B15008E3812 /* Debug */,
				3D4FC69529C74B15008E3812 /* Release */,
			);
			defaultConfigurationIsVisible = 0;
			defaultConfigurationName = Release;
		};
		3D4FC69629C74B15008E3812 /* Build configuration list for PBXNativeTarget "ImagesFeed" */ = {
			isa = XCConfigurationList;
			buildConfigurations = (
				3D4FC69729C74B15008E3812 /* Debug */,
				3D4FC69829C74B15008E3812 /* Release */,
			);
			defaultConfigurationIsVisible = 0;
			defaultConfigurationName = Release;
		};
/* End XCConfigurationList section */

/* Begin XCRemoteSwiftPackageReference section */
		3D4BDBA52A02E76E00B87AAD /* XCRemoteSwiftPackageReference "Kingfisher" */ = {
			isa = XCRemoteSwiftPackageReference;
			repositoryURL = "https://github.com/onevcat/Kingfisher?ysclid=lh81d70ujm127854954";
			requirement = {
				kind = upToNextMajorVersion;
				minimumVersion = 7.0.0;
			};
		};
		3D873DF729FA9AFA00D3787A /* XCRemoteSwiftPackageReference "ProgressHUD" */ = {
			isa = XCRemoteSwiftPackageReference;
			repositoryURL = "https://github.com/relatedcode/ProgressHUD";
			requirement = {
				kind = upToNextMajorVersion;
				minimumVersion = 13.0.0;
			};
		};
/* End XCRemoteSwiftPackageReference section */

/* Begin XCSwiftPackageProductDependency section */
		3D4BDBA62A02E76E00B87AAD /* Kingfisher */ = {
			isa = XCSwiftPackageProductDependency;
			package = 3D4BDBA52A02E76E00B87AAD /* XCRemoteSwiftPackageReference "Kingfisher" */;
			productName = Kingfisher;
		};
		3D873DF829FA9AFB00D3787A /* ProgressHUD */ = {
			isa = XCSwiftPackageProductDependency;
			package = 3D873DF729FA9AFA00D3787A /* XCRemoteSwiftPackageReference "ProgressHUD" */;
			productName = ProgressHUD;
		};
/* End XCSwiftPackageProductDependency section */
	};
	rootObject = 3D4FC67A29C74B14008E3812 /* Project object */;
}
